
Microsoft Visual Studio Solution File, Format Version 12.00
# Visual Studio 2012
Project("{CAA73BB0-EF22-4D79-A57E-DF67B3BA9C80}") = "Sitecore.Master", "Sitecore.Master\Sitecore.Master.scproj", "{C905955E-E1B1-4AB6-A6BE-16AABE3CC428}"
EndProject
Project("{FAE04EC0-301F-11D3-BF4B-00C04F79EFBC}") = "SampleLibrary", "SampleLibrary\SampleLibrary.csproj", "{D95DD3BE-8591-4629-80DC-218B14C91225}"
EndProject
Project("{2150E333-8FDC-42A3-9474-1A3956D46DE8}") = "Libraries", "Libraries", "{D1974E2F-A105-4148-A4C2-BAD5AEFDC0E7}"
	ProjectSection(SolutionItems) = preProject
		lib\CustomItemGenerator.dll = lib\CustomItemGenerator.dll
		lib\Glass.Sitecore.Mapper.dll = lib\Glass.Sitecore.Mapper.dll
		lib\Readme.txt = lib\Readme.txt
		lib\Sitecore.Kernel.dll = lib\Sitecore.Kernel.dll
	EndProjectSection
EndProject
Project("{2150E333-8FDC-42A3-9474-1A3956D46DE8}") = "Solution Files", "Solution Files", "{3E32806A-8707-4D41-9126-57717DC4C1EE}"
	ProjectSection(SolutionItems) = preProject
		.gitattributes = .gitattributes
		.gitignore = .gitignore
		README.md = README.md
	EndProjectSection
EndProject
Global
	GlobalSection(SolutionConfigurationPlatforms) = preSolution
		Debug|Any CPU = Debug|Any CPU
		Release|Any CPU = Release|Any CPU
	EndGlobalSection
	GlobalSection(ProjectConfigurationPlatforms) = postSolution
		{C905955E-E1B1-4AB6-A6BE-16AABE3CC428}.Debug|Any CPU.ActiveCfg = Debug|Any CPU
		{C905955E-E1B1-4AB6-A6BE-16AABE3CC428}.Debug|Any CPU.Build.0 = Debug|Any CPU
		{C905955E-E1B1-4AB6-A6BE-16AABE3CC428}.Debug|Any CPU.Deploy.0 = Debug|Any CPU
		{C905955E-E1B1-4AB6-A6BE-16AABE3CC428}.Release|Any CPU.ActiveCfg = Release|Any CPU
		{C905955E-E1B1-4AB6-A6BE-16AABE3CC428}.Release|Any CPU.Build.0 = Release|Any CPU
		{C905955E-E1B1-4AB6-A6BE-16AABE3CC428}.Release|Any CPU.Deploy.0 = Release|Any CPU
		{D95DD3BE-8591-4629-80DC-218B14C91225}.Debug|Any CPU.ActiveCfg = Debug|Any CPU
		{D95DD3BE-8591-4629-80DC-218B14C91225}.Debug|Any CPU.Build.0 = Debug|Any CPU
		{D95DD3BE-8591-4629-80DC-218B14C91225}.Release|Any CPU.ActiveCfg = Release|Any CPU
		{D95DD3BE-8591-4629-80DC-218B14C91225}.Release|Any CPU.Build.0 = Release|Any CPU
	EndGlobalSection
	GlobalSection(SolutionProperties) = preSolution
		HideSolutionNode = FALSE
	EndGlobalSection
EndGlobal
